
Microsoft Visual Studio Solution File, Format Version 12.00
Project("{FAE04EC0-301F-11D3-BF4B-00C04F79EFBC}") = "MaxOfThree", "MaxOfThree\MaxOfThree.csproj", "{54554CF5-AE26-4F30-8FCC-E0CAB31AE2A1}"
EndProject
Project("{2150E333-8FDC-42A3-9474-1A3956D46DE8}") = "1. Max of three", "1. Max of three", "{EA30C15F-4CEC-47B1-B4F2-8D701D049CAF}"
EndProject
Project("{2150E333-8FDC-42A3-9474-1A3956D46DE8}") = "2. Grades converter", "2. Grades converter", "{7E9A4F08-76DF-45DF-9E2F-51AA99BB6F50}"
EndProject
Project("{FAE04EC0-301F-11D3-BF4B-00C04F79EFBC}") = "GradesConverter", "GradesConverter\GradesConverter.csproj", "{CB0D09AD-4C45-4281-8B3C-D57AF42311A3}"
EndProject
Project("{2150E333-8FDC-42A3-9474-1A3956D46DE8}") = "3. Chessboard", "3. Chessboard", "{60CF5322-4A8C-493C-B6D7-7E85AAC24F17}"
EndProject
Project("{FAE04EC0-301F-11D3-BF4B-00C04F79EFBC}") = "ChessboardPrinter", "ChessboardPrinter\ChessboardPrinter.csproj", "{AF3E19E2-E239-4E2B-83DC-7BAB2F3A05EC}"
EndProject
Project("{2150E333-8FDC-42A3-9474-1A3956D46DE8}") = "4. Revert number", "4. Revert number", "{388398E7-26E8-4FF1-A3EB-F05CCF0DA87F}"
EndProject
Project("{FAE04EC0-301F-11D3-BF4B-00C04F79EFBC}") = "NumberReverter", "NumberReverter\NumberReverter.csproj", "{5DB7C9BC-0662-435F-B36E-0E2C89EC5EF6}"
EndProject
Project("{2150E333-8FDC-42A3-9474-1A3956D46DE8}") = "5. ArrayMax", "5. ArrayMax", "{9B26D46D-F53E-491A-9339-25DA41F498D3}"
EndProject
Project("{FAE04EC0-301F-11D3-BF4B-00C04F79EFBC}") = "ArrayMax", "ArrayMax\ArrayMax.csproj", "{0F5994A9-AB05-4D3C-A74F-D27AF81EDC28}"
EndProject
Project("{2150E333-8FDC-42A3-9474-1A3956D46DE8}") = "6. Shift calculator", "6. Shift calculator", "{2DCF91A1-4FDC-46A8-B03E-1EB86176C999}"
EndProject
Project("{FAE04EC0-301F-11D3-BF4B-00C04F79EFBC}") = "ShiftCalculator", "ShiftCalculator\ShiftCalculator.csproj", "{81EAFD17-C7EA-4818-8119-245D024F1995}"
EndProject
Global
	GlobalSection(SolutionConfigurationPlatforms) = preSolution
		Debug|Any CPU = Debug|Any CPU
		Release|Any CPU = Release|Any CPU
	EndGlobalSection
	GlobalSection(ProjectConfigurationPlatforms) = postSolution
		{54554CF5-AE26-4F30-8FCC-E0CAB31AE2A1}.Debug|Any CPU.ActiveCfg = Debug|Any CPU
		{54554CF5-AE26-4F30-8FCC-E0CAB31AE2A1}.Debug|Any CPU.Build.0 = Debug|Any CPU
		{54554CF5-AE26-4F30-8FCC-E0CAB31AE2A1}.Release|Any CPU.ActiveCfg = Release|Any CPU
		{54554CF5-AE26-4F30-8FCC-E0CAB31AE2A1}.Release|Any CPU.Build.0 = Release|Any CPU
		{CB0D09AD-4C45-4281-8B3C-D57AF42311A3}.Debug|Any CPU.ActiveCfg = Debug|Any CPU
		{CB0D09AD-4C45-4281-8B3C-D57AF42311A3}.Debug|Any CPU.Build.0 = Debug|Any CPU
		{CB0D09AD-4C45-4281-8B3C-D57AF42311A3}.Release|Any CPU.ActiveCfg = Release|Any CPU
		{CB0D09AD-4C45-4281-8B3C-D57AF42311A3}.Release|Any CPU.Build.0 = Release|Any CPU
		{AF3E19E2-E239-4E2B-83DC-7BAB2F3A05EC}.Debug|Any CPU.ActiveCfg = Debug|Any CPU
		{AF3E19E2-E239-4E2B-83DC-7BAB2F3A05EC}.Debug|Any CPU.Build.0 = Debug|Any CPU
		{AF3E19E2-E239-4E2B-83DC-7BAB2F3A05EC}.Release|Any CPU.ActiveCfg = Release|Any CPU
		{AF3E19E2-E239-4E2B-83DC-7BAB2F3A05EC}.Release|Any CPU.Build.0 = Release|Any CPU
		{5DB7C9BC-0662-435F-B36E-0E2C89EC5EF6}.Debug|Any CPU.ActiveCfg = Debug|Any CPU
		{5DB7C9BC-0662-435F-B36E-0E2C89EC5EF6}.Debug|Any CPU.Build.0 = Debug|Any CPU
		{5DB7C9BC-0662-435F-B36E-0E2C89EC5EF6}.Release|Any CPU.ActiveCfg = Release|Any CPU
		{5DB7C9BC-0662-435F-B36E-0E2C89EC5EF6}.Release|Any CPU.Build.0 = Release|Any CPU
		{0F5994A9-AB05-4D3C-A74F-D27AF81EDC28}.Debug|Any CPU.ActiveCfg = Debug|Any CPU
		{0F5994A9-AB05-4D3C-A74F-D27AF81EDC28}.Debug|Any CPU.Build.0 = Debug|Any CPU
		{0F5994A9-AB05-4D3C-A74F-D27AF81EDC28}.Release|Any CPU.ActiveCfg = Release|Any CPU
		{0F5994A9-AB05-4D3C-A74F-D27AF81EDC28}.Release|Any CPU.Build.0 = Release|Any CPU
		{81EAFD17-C7EA-4818-8119-245D024F1995}.Debug|Any CPU.ActiveCfg = Debug|Any CPU
		{81EAFD17-C7EA-4818-8119-245D024F1995}.Debug|Any CPU.Build.0 = Debug|Any CPU
		{81EAFD17-C7EA-4818-8119-245D024F1995}.Release|Any CPU.ActiveCfg = Release|Any CPU
		{81EAFD17-C7EA-4818-8119-245D024F1995}.Release|Any CPU.Build.0 = Release|Any CPU
	EndGlobalSection
	GlobalSection(NestedProjects) = preSolution
		{54554CF5-AE26-4F30-8FCC-E0CAB31AE2A1} = {EA30C15F-4CEC-47B1-B4F2-8D701D049CAF}
		{CB0D09AD-4C45-4281-8B3C-D57AF42311A3} = {7E9A4F08-76DF-45DF-9E2F-51AA99BB6F50}
		{AF3E19E2-E239-4E2B-83DC-7BAB2F3A05EC} = {60CF5322-4A8C-493C-B6D7-7E85AAC24F17}
		{5DB7C9BC-0662-435F-B36E-0E2C89EC5EF6} = {388398E7-26E8-4FF1-A3EB-F05CCF0DA87F}
		{0F5994A9-AB05-4D3C-A74F-D27AF81EDC28} = {9B26D46D-F53E-491A-9339-25DA41F498D3}
		{81EAFD17-C7EA-4818-8119-245D024F1995} = {2DCF91A1-4FDC-46A8-B03E-1EB86176C999}
	EndGlobalSection
EndGlobal
