
Microsoft Visual Studio Solution File, Format Version 12.00
Project("{FAE04EC0-301F-11D3-BF4B-00C04F79EFBC}") = "OpenSearchClient", "OpenSearchClient\OpenSearchClient.csproj", "{075E9948-5D76-46D6-A6C0-023AE9B97653}"
EndProject
Global
	GlobalSection(SolutionConfigurationPlatforms) = preSolution
		Debug|Any CPU = Debug|Any CPU
		Release|Any CPU = Release|Any CPU
	EndGlobalSection
	GlobalSection(ProjectConfigurationPlatforms) = postSolution
		{075E9948-5D76-46D6-A6C0-023AE9B97653}.Debug|Any CPU.ActiveCfg = Debug|Any CPU
		{075E9948-5D76-46D6-A6C0-023AE9B97653}.Debug|Any CPU.Build.0 = Debug|Any CPU
		{075E9948-5D76-46D6-A6C0-023AE9B97653}.Release|Any CPU.ActiveCfg = Release|Any CPU
		{075E9948-5D76-46D6-A6C0-023AE9B97653}.Release|Any CPU.Build.0 = Release|Any CPU
	EndGlobalSection
EndGlobal
